
Microsoft Visual Studio Solution File, Format Version 12.00
# Visual Studio Version 17
VisualStudioVersion = 17.7.34024.191
MinimumVisualStudioVersion = 10.0.40219.1
Project("{FAE04EC0-301F-11D3-BF4B-00C04F79EFBC}") = "TesteAPI", "TesteAPI\TesteAPI.csproj", "{971E35C0-916E-439D-AC0B-B17854122FE0}"
EndProject
Global
	GlobalSection(SolutionConfigurationPlatforms) = preSolution
		Debug|Any CPU = Debug|Any CPU
		Release|Any CPU = Release|Any CPU
	EndGlobalSection
	GlobalSection(ProjectConfigurationPlatforms) = postSolution
		{971E35C0-916E-439D-AC0B-B17854122FE0}.Debug|Any CPU.ActiveCfg = Debug|Any CPU
		{971E35C0-916E-439D-AC0B-B17854122FE0}.Debug|Any CPU.Build.0 = Debug|Any CPU
		{971E35C0-916E-439D-AC0B-B17854122FE0}.Release|Any CPU.ActiveCfg = Release|Any CPU
		{971E35C0-916E-439D-AC0B-B17854122FE0}.Release|Any CPU.Build.0 = Release|Any CPU
	EndGlobalSection
	GlobalSection(SolutionProperties) = preSolution
		HideSolutionNode = FALSE
	EndGlobalSection
	GlobalSection(ExtensibilityGlobals) = postSolution
		SolutionGuid = {2B9BF87D-F0BA-4B3A-B9B5-CB725D3F2F2E}
	EndGlobalSection
EndGlobal
